
Microsoft Visual Studio Solution File, Format Version 12.00
# Visual Studio Version 17
VisualStudioVersion = 17.6.33829.357
MinimumVisualStudioVersion = 10.0.40219.1
Project("{FAE04EC0-301F-11D3-BF4B-00C04F79EFBC}") = "ScreenSound", "ScreenSound.csproj", "{17953AE3-BF26-47CD-9E92-BE2263440B43}"
EndProject
Global
	GlobalSection(SolutionConfigurationPlatforms) = preSolution
		Debug|Any CPU = Debug|Any CPU
		Release|Any CPU = Release|Any CPU
	EndGlobalSection
	GlobalSection(ProjectConfigurationPlatforms) = postSolution
		{17953AE3-BF26-47CD-9E92-BE2263440B43}.Debug|Any CPU.ActiveCfg = Debug|Any CPU
		{17953AE3-BF26-47CD-9E92-BE2263440B43}.Debug|Any CPU.Build.0 = Debug|Any CPU
		{17953AE3-BF26-47CD-9E92-BE2263440B43}.Release|Any CPU.ActiveCfg = Release|Any CPU
		{17953AE3-BF26-47CD-9E92-BE2263440B43}.Release|Any CPU.Build.0 = Release|Any CPU
	EndGlobalSection
	GlobalSection(SolutionProperties) = preSolution
		HideSolutionNode = FALSE
	EndGlobalSection
	GlobalSection(ExtensibilityGlobals) = postSolution
		SolutionGuid = {90F7C8EF-EDC3-4DEE-81D2-15A9FE24399C}
	EndGlobalSection
EndGlobal
